# This file is automatically @generated by Cargo.
# It is not intended for manual editing.
version = 3

[[package]]
name = "dlmalloc"
version = "0.1.4"
source = "git+https://github.com/gear-tech/dlmalloc-rust.git?rev=9135baa#9135baa728ef9a9a04a887998e019733c4b093af"
dependencies = [
 "libc",
 "libc_print",
 "page_size",
 "static_assertions",
 "str-buf",
]

[[package]]
name = "galloc"
version = "0.2.2"
dependencies = [
 "dlmalloc",
 "gwasm",
]

[[package]]
name = "gwasm"
version = "0.0.0"

[[package]]
name = "libc"
version = "0.2.147"
source = "registry+https://github.com/rust-lang/crates.io-index"
checksum = "b4668fb0ea861c1df094127ac5f1da3409a82116a4ba74fca2e58ef927159bb3"

[[package]]
name = "libc_print"
version = "0.1.16"
source = "git+https://github.com/grishasobol/rust-libc-print.git#b300804809e7a5f1c8fab4d2d11bcea29217bc70"
dependencies = [
 "libc",
]

[[package]]
name = "memop"
version = "0.1.0"
dependencies = [
 "galloc",
]

[[package]]
name = "page_size"
version = "0.4.2"
source = "registry+https://github.com/rust-lang/crates.io-index"
checksum = "eebde548fbbf1ea81a99b128872779c437752fb99f217c45245e1a61dcd9edcd"
dependencies = [
 "libc",
 "winapi",
]

[[package]]
name = "static_assertions"
version = "1.1.0"
source = "registry+https://github.com/rust-lang/crates.io-index"
checksum = "a2eb9349b6444b326872e140eb1cf5e7c522154d69e7a0ffb0fb81c06b37543f"

[[package]]
name = "str-buf"
version = "2.0.5"
source = "registry+https://github.com/rust-lang/crates.io-index"
checksum = "0873cb29201126440dcc78d0b1f5a13d917e78831778429a7920ca9c7f3dae1e"

[[package]]
name = "winapi"
version = "0.3.9"
source = "registry+https://github.com/rust-lang/crates.io-index"
checksum = "5c839a674fcd7a98952e593242ea400abe93992746761e38641405d28b00f419"
dependencies = [
 "winapi-i686-pc-windows-gnu",
 "winapi-x86_64-pc-windows-gnu",
]

[[package]]
name = "winapi-i686-pc-windows-gnu"
version = "0.4.0"
source = "registry+https://github.com/rust-lang/crates.io-index"
checksum = "ac3b87c63620426dd9b991e5ce0329eff545bccbbb34f3be09ff6fb6ab51b7b6"

[[package]]
name = "winapi-x86_64-pc-windows-gnu"
version = "0.4.0"
source = "registry+https://github.com/rust-lang/crates.io-index"
checksum = "712e227841d057c1ee1cd2fb22fa7e5a5461ae8e48fa2ca79ec42cfc1931183f"
