# This file is automatically @generated by Cargo.
# It is not intended for manual editing.
version = 3

[[package]]
name = "demo-sum"
version = "0.1.0"
dependencies = [
 "gstd",
]

[[package]]
name = "dlmalloc"
version = "0.1.4"
source = "git+https://github.com/nikvolf/dlmalloc-rs#74ecb8165d45f2a3d2ef7921c7371014911e9815"
dependencies = [
 "libc",
]

[[package]]
name = "gstd"
version = "0.1.0"
dependencies = [
 "dlmalloc",
]

[[package]]
name = "libc"
version = "0.2.86"
source = "registry+https://github.com/rust-lang/crates.io-index"
checksum = "b7282d924be3275cec7f6756ff4121987bc6481325397dde6ba3e7802b1a8b1c"
