[[dependencies]]
name = "@openzeppelin-contracts"
version = "5.6.1"
url = "https://soldeer-revisions.s3.amazonaws.com/@openzeppelin-contracts/5_6_1_15-03-2026_09:19:50_contracts.zip"
checksum = "a3b6bc661be858c7c27f60a1708cbebe8c71034b4cc1e9fe270d0a05b069352f"
integrity = "bce03af7ada1eee21a7fff393f238bcd7cd75a022a4db55ffb6b0dbb32433d35"

[[dependencies]]
name = "@openzeppelin-contracts-upgradeable"
version = "5.6.1"
url = "https://soldeer-revisions.s3.amazonaws.com/@openzeppelin-contracts-upgradeable/5_6_1_15-03-2026_09:19:56_contracts-upgradeable.zip"
checksum = "f6257dbc993c2499fe08fdc93f66e12459fe3458ee62ce716b92e1d95ee0b504"
integrity = "2f539b6241258fc3c127c97225b3cb1b5e9225e422d2c1cb233c52a6f5c29002"

[[dependencies]]
name = "forge-std"
version = "1.16.1"
url = "https://soldeer-revisions.s3.amazonaws.com/forge-std/1_16_1_08-05-2026_08:51:16_forge-std-1.16.zip"
checksum = "839b61832925c7152c7b6dffbfa4998d9e606211179bd8f604733124e8a7cb57"
integrity = "60e55d10150354ca4a1e2985c5456c834b92b82ef85ab0e1d92a7786cddbd219"

[[dependencies]]
name = "frost-secp256k1-evm"
version = "master"
git = "https://github.com/StackOverflowExcept1on/frost-secp256k1-evm.git"
rev = "29acc9c75b62632a6117bd32083e5f8ffbf2702d"

[[dependencies]]
name = "openzeppelin-foundry-upgrades"
version = "0.4.0"
url = "https://soldeer-revisions.s3.amazonaws.com/openzeppelin-foundry-upgrades/0_4_0_27-01-2025_18:32:41_openzeppelin-foundry-upgrades.zip"
checksum = "d38121a53a68c9a3e10032d37c712b28604a673c77b7186332f65c423e53cc45"
integrity = "7453d9ee76f1bbf72424354de766dd2a4af61ec33968b4e0da111e6d734943e2"

[[dependencies]]
name = "symbiotic-core"
version = "main"
git = "https://github.com/StackOverflowExcept1on/symbiotic-core.git"
rev = "8fe3195d270b39b54af43a1b68cfdb69dc68c093"

[[dependencies]]
name = "symbiotic-rewards"
version = "main"
git = "https://github.com/StackOverflowExcept1on/symbiotic-rewards.git"
rev = "e5be576755aa80b12157a513e66e0ecf1c8df58e"
